dependencies:
- name: ambassador
  repository: file://../ambassador
  version: 0.1.0
- name: arborist
  repository: file://../arborist
  version: 0.1.0
- name: argo-wrapper
  repository: file://../argo-wrapper
  version: 0.1.0
- name: audit
  repository: file://../audit
  version: 0.1.0
- name: elasticsearch
  repository: file://../elasticsearch
  version: 0.1.0
- name: fence
  repository: file://../fence
  version: 0.1.0
- name: guppy
  repository: file://../guppy
  version: 0.1.0
- name: hatchery
  repository: file://../hatchery
  version: 0.1.0
- name: indexd
  repository: file://../indexd
  version: 0.1.0
- name: manifestservice
  repository: file://../manifestservice
  version: 0.1.0
- name: metadata
  repository: file://../metadata
  version: 0.1.0
- name: peregrine
  repository: file://../peregrine
  version: 0.1.0
- name: pidgin
  repository: file://../pidgin
  version: 0.1.0
- name: portal
  repository: file://../portal
  version: 0.1.0
- name: requestor
  repository: file://../requestor
  version: 0.1.0
- name: revproxy
  repository: file://../revproxy
  version: 0.1.0
- name: sheepdog
  repository: file://../sheepdog
  version: 0.1.0
- name: ssjdispatcher
  repository: file://../ssjdispatcher
  version: 0.1.0
- name: wts
  repository: file://../wts
  version: 0.1.0
- name: common
  repository: file://../common
  version: 0.1.0
- name: postgresql
  repository: https://charts.bitnami.com/bitnami
  version: 11.9.13
- name: gen3-test-data-job
  repository: file://../gen3-test-data-job
  version: 0.1.0
digest: sha256:416e07dc9d94d16b24096ee5304db2fc5052061efd1453376ec30b1a5c99f900
generated: "2023-01-19T10:22:39.990926-06:00"
