dependencies:
- name: ambassador
  repository: file://../ambassador
  version: 0.0.1
- name: arborist
  repository: file://../arborist
  version: 0.0.1
- name: argo-wrapper
  repository: file://../argo-wrapper
  version: 0.0.1
- name: audit
  repository: file://../audit
  version: 0.0.1
- name: fence
  repository: file://../fence
  version: 0.0.1
- name: guppy
  repository: file://../guppy
  version: 0.0.1
- name: hatchery
  repository: file://../hatchery
  version: 0.0.1
- name: indexd
  repository: file://../indexd
  version: 0.0.1
- name: manifestservice
  repository: file://../manifestservice
  version: 0.0.1
- name: metadata
  repository: file://../metadata
  version: 0.0.1
- name: peregrine
  repository: file://../peregrine
  version: 0.0.1
- name: pidgin
  repository: file://../pidgin
  version: 0.0.1
- name: portal
  repository: file://../portal
  version: 0.0.1
- name: requestor
  repository: file://../requestor
  version: 0.0.1
- name: revproxy
  repository: file://../revproxy
  version: 0.0.1
- name: sheepdog
  repository: file://../sheepdog
  version: 0.0.1
- name: ssjdispatcher
  repository: file://../ssjdispatcher
  version: 0.0.1
- name: wts
  repository: file://../wts
  version: 0.0.1
- name: common
  repository: file://../common
  version: 0.0.1
- name: postgresql
  repository: https://charts.bitnami.com/bitnami
  version: 11.9.13
digest: sha256:bc59dc47f5da8a156d8c898cc96940ca7f366811b73292973bd7c456f3761ff9
generated: "2022-11-07T16:11:59.393691-06:00"
