dependencies:
- name: ambassador
  repository: file://../ambassador
  version: 0.1.18
- name: arborist
  repository: file://../arborist
  version: 0.1.16
- name: argo-wrapper
  repository: file://../argo-wrapper
  version: 0.1.12
- name: audit
  repository: file://../audit
  version: 0.1.17
- name: aws-es-proxy
  repository: file://../aws-es-proxy
  version: 0.1.15
- name: cohort-middleware
  repository: file://../cohort-middleware
  version: 0.1.1
- name: common
  repository: file://../common
  version: 0.1.16
- name: etl
  repository: file://../etl
  version: 0.1.11
- name: frontend-framework
  repository: file://../frontend-framework
  version: 0.1.7
- name: fence
  repository: file://../fence
  version: 0.1.32
- name: guppy
  repository: file://../guppy
  version: 0.1.19
- name: hatchery
  repository: file://../hatchery
  version: 0.1.14
- name: indexd
  repository: file://../indexd
  version: 0.1.20
- name: manifestservice
  repository: file://../manifestservice
  version: 0.1.20
- name: metadata
  repository: file://../metadata
  version: 0.1.19
- name: peregrine
  repository: file://../peregrine
  version: 0.1.20
- name: portal
  repository: file://../portal
  version: 0.1.28
- name: requestor
  repository: file://../requestor
  version: 0.1.18
- name: revproxy
  repository: file://../revproxy
  version: 0.1.24
- name: sheepdog
  repository: file://../sheepdog
  version: 0.1.22
- name: ssjdispatcher
  repository: file://../ssjdispatcher
  version: 0.1.20
- name: sower
  repository: file://../sower
  version: 0.1.20
- name: wts
  repository: file://../wts
  version: 0.1.19
- name: gen3-network-policies
  repository: file://../gen3-network-policies
  version: 0.1.2
- name: elasticsearch
  repository: https://helm.elastic.co
  version: 7.10.2
- name: postgresql
  repository: https://charts.bitnami.com/bitnami
  version: 11.9.13
- name: neuvector
  repository: file://../neuvector
  version: 0.1.2
digest: sha256:0472dbd64237fdfb4430d970cc80318f66a89878781eb29e73c094210276e856
generated: "2025-05-02T16:04:29.407755-04:00"
